<Solution>
  <Configurations>
    <Platform Name="x64" />
    <Platform Name="x86" />
  </Configurations>
  <Folder Name="/Элементы решения/">
    <File Path="Readme.txt" />
  </Folder>
  <Folder Name="/Элементы решения/Modules/" />
  <Folder Name="/Элементы решения/Modules/Include/" />
  <Folder Name="/Элементы решения/Modules/Source/" />
  <Folder Name="/Элементы решения/Сортировка/">
    <File Path="Полезное/Сортировка/main.test.cpp" />
    <File Path="Полезное/Сортировка/sorting.cpp" />
    <File Path="Полезное/Сортировка/sorting.h" />
    <File Path="Полезное/Сортировка/Виды сортировки.txt" />
  </Folder>
  <Project Path="Exercise_1/Exercise_1.vcxproj" Id="668d17b1-d397-4897-959d-dca4d485c683" />
  <Project Path="Exercise_10_1/Exercise_10_1.vcxproj" Id="c04ee32b-8f4f-46e3-9cdb-347c93c0ce67" />
  <Project Path="Exercise_2/Exercise_2.vcxproj" Id="a76b4542-383b-4b50-a094-05da4d340637" />
  <Project Path="Exercise_2_2/Exercise_2_2.vcxproj" Id="ec46cc0e-acfc-4533-926c-c0b1d4cf7cdd" />
  <Project Path="Exercise_3_1/Exercise_3_1.vcxproj" Id="1d8eae68-094f-4233-b881-89ab0efe76bb" />
  <Project Path="Exercise_3_2/Exercise_3_2.vcxproj" Id="5a8c80e3-3f0f-4c20-afe5-668af38c310c" />
  <Project Path="Exercise_3_3/Exercise_3_3.vcxproj" Id="11704bea-1755-49a3-8bec-9d854404b9be" />
  <Project Path="Exercise_3_4/Exercise_3_4.vcxproj" Id="6d205354-d0ff-4759-97a7-791eebd6a2e3" />
  <Project Path="Exercise_4_1/Exercise_4_1.vcxproj" Id="e3987778-479d-4aaf-b4b9-cb498fb0873a" />
  <Project Path="Exercise_4_2/Exercise_4_2.vcxproj" Id="d007fa47-0f1a-405f-af62-9d860f3883f8" />
  <Project Path="Exercise_4_3/Exercise_4_3.vcxproj" Id="8e373be5-ce7a-4263-84df-a4bd7ffcdd4c" />
  <Project Path="Exercise_5_1/Exercise_5_1.vcxproj" Id="1d8e1dcf-7e9b-47b2-a736-d27e4d350785" />
  <Project Path="Exercise_5_2/Exercise_5_2.vcxproj" Id="b9ce4abe-1032-46ed-b1bf-5f41479229aa" />
  <Project Path="Exercise_5_3/Exercise_5_3.vcxproj" Id="a24a8409-d4c0-41d9-825a-35a885a588d9" />
  <Project Path="Exercise_5_4/Exercise_5_4.vcxproj" Id="ef659190-0e28-422d-a2d3-60776261d01f" />
  <Project Path="Exercise_6_1/Exercise_6_1.vcxproj" Id="8ad00632-d939-4ffe-b5b7-0d0aae5d3409" />
  <Project Path="Exercise_6_2/Exercise_6_2.vcxproj" Id="2cb9b3e6-b5ee-4942-b325-d49792bb2a3d" />
  <Project Path="Exercise_6_3/Exercise_6_3.vcxproj" Id="55302200-7327-4048-a1d7-b83798705dd2" />
  <Project Path="Exercise_7_1/Exercise_7_1.vcxproj" Id="4a14f257-3f26-4618-b509-b3fd9bd52f1a" />
  <Project Path="Exercise_7_2/Exercise_7_2.vcxproj" Id="c948cf26-5b41-4853-9397-f4d1e4e4dec4" />
  <Project Path="Exercise_7_3/Exercise_7_3.vcxproj" Id="99aabac9-44c4-4c84-9e55-b60437218754" />
  <Project Path="Exercise_8_1/Exercise_8_1.vcxproj" Id="4537958e-0317-409f-b444-06612f66f926" />
  <Project Path="Exercise_8_2/Exercise_8_2.vcxproj" Id="7cf62d5c-4879-4457-8f5f-c30100861621" />
  <Project Path="Exercise_9_1/Exercise_9_1.vcxproj" Id="cd166e97-9bc6-4b51-84fe-e3dbe0442950" />
  <Project Path="Exercise_9_2/Exercise_9_2.vcxproj" Id="d27b46cc-6547-44f7-b975-b243bdd3de3d" />
  <Project Path="Exercise_9_3/Exercise_9_3.vcxproj" Id="980dde62-5b5c-4602-a22c-1af6de480b12" />
  <Project Path="TestProject/TestProject.vcxproj" Id="c5013c52-ed89-4006-9a4f-68cd66bb4082" />
</Solution>